
Microsoft Visual Studio Solution File, Format Version 12.00
# Visual Studio Version 17
VisualStudioVersion = 17.5.002.0
MinimumVisualStudioVersion = 10.0.40219.1
Project("{9A19103F-16F7-4668-BE54-9A1E7A4F7556}") = "Caixa", "Caixa\Caixa.csproj", "{779CFEAC-EBA2-453C-BC1E-85AFB35351B5}"
EndProject
Global
	GlobalSection(SolutionConfigurationPlatforms) = preSolution
		Debug|Any CPU = Debug|Any CPU
		Release|Any CPU = Release|Any CPU
	EndGlobalSection
	GlobalSection(ProjectConfigurationPlatforms) = postSolution
		{779CFEAC-EBA2-453C-BC1E-85AFB35351B5}.Debug|Any CPU.ActiveCfg = Debug|Any CPU
		{779CFEAC-EBA2-453C-BC1E-85AFB35351B5}.Debug|Any CPU.Build.0 = Debug|Any CPU
		{779CFEAC-EBA2-453C-BC1E-85AFB35351B5}.Release|Any CPU.ActiveCfg = Release|Any CPU
		{779CFEAC-EBA2-453C-BC1E-85AFB35351B5}.Release|Any CPU.Build.0 = Release|Any CPU
	EndGlobalSection
	GlobalSection(SolutionProperties) = preSolution
		HideSolutionNode = FALSE
	EndGlobalSection
	GlobalSection(ExtensibilityGlobals) = postSolution
		SolutionGuid = {83029E01-FB88-4B2B-8B64-F6B0BF4F3860}
	EndGlobalSection
EndGlobal
